// !$*UTF8*$!
{
	archiveVersion = 1;
	classes = {
	};
	objectVersion = 77;
	objects = {

/* Begin PBXBuildFile section */
		00422348E884E4EC4C224B77 /* AIVendingMachineView.swift in Sources */ = {isa = PBXBuildFile; fileRef = 4C4CE51F36C76FB40CB80981 /* AIVendingMachineView.swift */; };
		05DC29300B6C294FA498B55F /* BasicsDangersView.swift in Sources */ = {isa = PBXBuildFile; fileRef = 885B0178BF528E01FE3E153E /* BasicsDangersView.swift */; };
		0A95A5C10CCDD09655C9D9B3 /* FoundationManager.swift in Sources */ = {isa = PBXBuildFile; fileRef = 69ECE8200B2C6C78FD45B39E /* FoundationManager.swift */; };
		0F2560555CB1C2F57AC42244 /* Assets.xcassets in Resources */ = {isa = PBXBuildFile; fileRef = 7D91D94E80758C1BB0555B82 /* Assets.xcassets */; };
		10BC6C4656EFDF1DF3A59470 /* AppRootView.swift in Sources */ = {isa = PBXBuildFile; fileRef = 13D7516C734D833BAB55C1B5 /* AppRootView.swift */; };
		11BBB5E1F4F6AB96CCF4F77B /* ChatBubbles.swift in Sources */ = {isa = PBXBuildFile; fileRef = 375FB72F5669982F63A81607 /* ChatBubbles.swift */; };
		11E1A99DD54802D6AFF9A92D /* ScenariosStoryScaffold.swift in Sources */ = {isa = PBXBuildFile; fileRef = F4B5288DA442394856264873 /* ScenariosStoryScaffold.swift */; };
		3021DA8627BF79680AC44FAA /* BasicsPromptEngineeringView.swift in Sources */ = {isa = PBXBuildFile; fileRef = 68DC75FC5B2D7F9B41D85D88 /* BasicsPromptEngineeringView.swift */; };
		34FD1AD3ED46974BDED22A82 /* InfoCard.swift in Sources */ = {isa = PBXBuildFile; fileRef = C0A990910EC738875B5CC85F /* InfoCard.swift */; };
		40589162CC88737716CDB3F6 /* BasicsTopicScaffold.swift in Sources */ = {isa = PBXBuildFile; fileRef = 48488C267ECA7DB2FD3EC2BC /* BasicsTopicScaffold.swift */; };
		4B94FB2D39B185ED98E3400C /* AILimitationsView.swift in Sources */ = {isa = PBXBuildFile; fileRef = 47309627BC2218D1F81102E0 /* AILimitationsView.swift */; };
		5A10C1620B65EC7F0577F09B /* AITypesView.swift in Sources */ = {isa = PBXBuildFile; fileRef = 62D94761E75769988B8E2B21 /* AITypesView.swift */; };
		60899DA4C9315312F6A6DF27 /* WhatIsAIView.swift in Sources */ = {isa = PBXBuildFile; fileRef = 24C0FDD26463D3B501CB4762 /* WhatIsAIView.swift */; };
		648DC1D80AB6797954045C81 /* SettingsView.swift in Sources */ = {isa = PBXBuildFile; fileRef = 44CFB695AB28EBBEBDB345FC /* SettingsView.swift */; };
		6586490367A554F2F695BDA9 /* OnboardingView.swift in Sources */ = {isa = PBXBuildFile; fileRef = BAD37476AFAC684C6491206C /* OnboardingView.swift */; };
		6DBE65AB4E8FAFAAFCD6AE27 /* EverydayStoryView.swift in Sources */ = {isa = PBXBuildFile; fileRef = FBE35604B3F40B128B08DF24 /* EverydayStoryView.swift */; };
		7FB60B4D1B76B1ACE969415A /* ScenarioTypes.swift in Sources */ = {isa = PBXBuildFile; fileRef = D4A4B7986F1DCE579E523009 /* ScenarioTypes.swift */; };
		893849B4823F7D3211271209 /* Basics.swift in Sources */ = {isa = PBXBuildFile; fileRef = 03607E037AF0289EC603255B /* Basics.swift */; };
		8C51C38A97D5EA96ECC17EC1 /* BasicsTypes.swift in Sources */ = {isa = PBXBuildFile; fileRef = 15E0D9D981D49E801ADD767D /* BasicsTypes.swift */; };
		8ECBB499C282E2D419AA204B /* PredictionDemo.swift in Sources */ = {isa = PBXBuildFile; fileRef = FB09B4096FC67835F40D188D /* PredictionDemo.swift */; };
		914053842817F2EA5CE23FC8 /* BasicsDetailView.swift in Sources */ = {isa = PBXBuildFile; fileRef = 615CEE6C956EE2317B8C5695 /* BasicsDetailView.swift */; };
		94712FD0EF634A166BBB35EB /* ClaritasApp.swift in Sources */ = {isa = PBXBuildFile; fileRef = 374E35E831A45C0B26F23470 /* ClaritasApp.swift */; };
		94E3B4BECBF2F278C719B082 /* Scenarios.swift in Sources */ = {isa = PBXBuildFile; fileRef = 8F24BC19218EAD0ABBFDFBBD /* Scenarios.swift */; };
		9B961E7B618CE691275BE6F7 /* ContextWindowDemo.swift in Sources */ = {isa = PBXBuildFile; fileRef = 712EC9F77B7B881F2DF1F377 /* ContextWindowDemo.swift */; };
		9D9EBFECB41EE07CCFD48D92 /* DemoSection.swift in Sources */ = {isa = PBXBuildFile; fileRef = B3532CBACDB989999D9C7826 /* DemoSection.swift */; };
		9E3DDAC4722E3894201018C4 /* HomeworkStoryView.swift in Sources */ = {isa = PBXBuildFile; fileRef = 82F9D60CA8A422B555328358 /* HomeworkStoryView.swift */; };
		B04679D20F79DE33C14359B5 /* StoryWrapUpView.swift in Sources */ = {isa = PBXBuildFile; fileRef = 471FE1656353ECF122F87D54 /* StoryWrapUpView.swift */; };
		B40E0BBA4B163896BC198C78 /* StoryBeatView.swift in Sources */ = {isa = PBXBuildFile; fileRef = E694C3EBEB9EEFB1311C49D2 /* StoryBeatView.swift */; };
		B40E720149D42B340C314139 /* NeuralNetworkDemo.swift in Sources */ = {isa = PBXBuildFile; fileRef = B55948F7BE07D4BE912D2E87 /* NeuralNetworkDemo.swift */; };
		B5E3C2581C89DDB597AD42E1 /* BasicsRow.swift in Sources */ = {isa = PBXBuildFile; fileRef = CC82880905850239B9EC4281 /* BasicsRow.swift */; };
		B627F5AA97EB0DE213BB3126 /* WritingStoryView.swift in Sources */ = {isa = PBXBuildFile; fileRef = 50A353E74D8027905E21D302 /* WritingStoryView.swift */; };
		B7E9B0CA167348D0D7C09EA6 /* TokenizationDemo.swift in Sources */ = {isa = PBXBuildFile; fileRef = 2FC47D60ADA8824E8B1B8446 /* TokenizationDemo.swift */; };
		BDDC937A699F3D6ED50D6C2E /* StartTab.swift in Sources */ = {isa = PBXBuildFile; fileRef = BE591681F2D8735CAB5EF88B /* StartTab.swift */; };
		C446A196B0A599CEF0E0E928 /* CompositionDemo.swift in Sources */ = {isa = PBXBuildFile; fileRef = 0E83FEBD8CE1B03254DFC9BB /* CompositionDemo.swift */; };
		DD41D930BC9F01D6889B299B /* ArchitectureListView.swift in Sources */ = {isa = PBXBuildFile; fileRef = F197E0CE3BAC761E97A38F64 /* ArchitectureListView.swift */; };
		E4E7E395E74B3DAE4D7C57E4 /* IntelligenceUnavailableView.swift in Sources */ = {isa = PBXBuildFile; fileRef = F46FE9784BDA8BA079B3D457 /* IntelligenceUnavailableView.swift */; };
		EFC1D550A07168509F8FAACD /* Bundle+Extension.swift in Sources */ = {isa = PBXBuildFile; fileRef = AF461F733DA80D550E55FFB6 /* Bundle+Extension.swift */; };
		F337C19BF50FB11045E50B49 /* NavManager.swift in Sources */ = {isa = PBXBuildFile; fileRef = 08F41922EFB3D0B1C549DC4D /* NavManager.swift */; };
		F52AF849235C9F19B8158E45 /* AIMythsView.swift in Sources */ = {isa = PBXBuildFile; fileRef = 870FF9F972DA06C885D46DFA /* AIMythsView.swift */; };
/* End PBXBuildFile section */

/* Begin PBXFileReference section */
		03607E037AF0289EC603255B /* Basics.swift */ = {isa = PBXFileReference; lastKnownFileType = sourcecode.swift; path = Basics.swift; sourceTree = "<group>"; };
		08F41922EFB3D0B1C549DC4D /* NavManager.swift */ = {isa = PBXFileReference; lastKnownFileType = sourcecode.swift; path = NavManager.swift; sourceTree = "<group>"; };
		0E83FEBD8CE1B03254DFC9BB /* CompositionDemo.swift */ = {isa = PBXFileReference; lastKnownFileType = sourcecode.swift; path = CompositionDemo.swift; sourceTree = "<group>"; };
		11DF7FB07C393BE69EAA687A /* Claritas.app */ = {isa = PBXFileReference; includeInIndex = 0; lastKnownFileType = wrapper.application; path = Claritas.app; sourceTree = BUILT_PRODUCTS_DIR; };
		13D7516C734D833BAB55C1B5 /* AppRootView.swift */ = {isa = PBXFileReference; lastKnownFileType = sourcecode.swift; path = AppRootView.swift; sourceTree = "<group>"; };
		15E0D9D981D49E801ADD767D /* BasicsTypes.swift */ = {isa = PBXFileReference; lastKnownFileType = sourcecode.swift; path = BasicsTypes.swift; sourceTree = "<group>"; };
		1AD0D6C7E5AC5BE782A14A8B /* AdditionalInfo.plist */ = {isa = PBXFileReference; lastKnownFileType = text.plist; path = AdditionalInfo.plist; sourceTree = "<group>"; };
		24C0FDD26463D3B501CB4762 /* WhatIsAIView.swift */ = {isa = PBXFileReference; lastKnownFileType = sourcecode.swift; path = WhatIsAIView.swift; sourceTree = "<group>"; };
		2FC47D60ADA8824E8B1B8446 /* TokenizationDemo.swift */ = {isa = PBXFileReference; lastKnownFileType = sourcecode.swift; path = TokenizationDemo.swift; sourceTree = "<group>"; };
		374E35E831A45C0B26F23470 /* ClaritasApp.swift */ = {isa = PBXFileReference; lastKnownFileType = sourcecode.swift; path = ClaritasApp.swift; sourceTree = "<group>"; };
		375FB72F5669982F63A81607 /* ChatBubbles.swift */ = {isa = PBXFileReference; lastKnownFileType = sourcecode.swift; path = ChatBubbles.swift; sourceTree = "<group>"; };
		44CFB695AB28EBBEBDB345FC /* SettingsView.swift */ = {isa = PBXFileReference; lastKnownFileType = sourcecode.swift; path = SettingsView.swift; sourceTree = "<group>"; };
		471FE1656353ECF122F87D54 /* StoryWrapUpView.swift */ = {isa = PBXFileReference; lastKnownFileType = sourcecode.swift; path = StoryWrapUpView.swift; sourceTree = "<group>"; };
		47309627BC2218D1F81102E0 /* AILimitationsView.swift */ = {isa = PBXFileReference; lastKnownFileType = sourcecode.swift; path = AILimitationsView.swift; sourceTree = "<group>"; };
		48488C267ECA7DB2FD3EC2BC /* BasicsTopicScaffold.swift */ = {isa = PBXFileReference; lastKnownFileType = sourcecode.swift; path = BasicsTopicScaffold.swift; sourceTree = "<group>"; };
		4C4CE51F36C76FB40CB80981 /* AIVendingMachineView.swift */ = {isa = PBXFileReference; lastKnownFileType = sourcecode.swift; path = AIVendingMachineView.swift; sourceTree = "<group>"; };
		50A353E74D8027905E21D302 /* WritingStoryView.swift */ = {isa = PBXFileReference; lastKnownFileType = sourcecode.swift; path = WritingStoryView.swift; sourceTree = "<group>"; };
		615CEE6C956EE2317B8C5695 /* BasicsDetailView.swift */ = {isa = PBXFileReference; lastKnownFileType = sourcecode.swift; path = BasicsDetailView.swift; sourceTree = "<group>"; };
		62D94761E75769988B8E2B21 /* AITypesView.swift */ = {isa = PBXFileReference; lastKnownFileType = sourcecode.swift; path = AITypesView.swift; sourceTree = "<group>"; };
		68DC75FC5B2D7F9B41D85D88 /* BasicsPromptEngineeringView.swift */ = {isa = PBXFileReference; lastKnownFileType = sourcecode.swift; path = BasicsPromptEngineeringView.swift; sourceTree = "<group>"; };
		69ECE8200B2C6C78FD45B39E /* FoundationManager.swift */ = {isa = PBXFileReference; lastKnownFileType = sourcecode.swift; path = FoundationManager.swift; sourceTree = "<group>"; };
		712EC9F77B7B881F2DF1F377 /* ContextWindowDemo.swift */ = {isa = PBXFileReference; lastKnownFileType = sourcecode.swift; path = ContextWindowDemo.swift; sourceTree = "<group>"; };
		7D91D94E80758C1BB0555B82 /* Assets.xcassets */ = {isa = PBXFileReference; lastKnownFileType = folder.assetcatalog; path = Assets.xcassets; sourceTree = "<group>"; };
		82F9D60CA8A422B555328358 /* HomeworkStoryView.swift */ = {isa = PBXFileReference; lastKnownFileType = sourcecode.swift; path = HomeworkStoryView.swift; sourceTree = "<group>"; };
		870FF9F972DA06C885D46DFA /* AIMythsView.swift */ = {isa = PBXFileReference; lastKnownFileType = sourcecode.swift; path = AIMythsView.swift; sourceTree = "<group>"; };
		885B0178BF528E01FE3E153E /* BasicsDangersView.swift */ = {isa = PBXFileReference; lastKnownFileType = sourcecode.swift; path = BasicsDangersView.swift; sourceTree = "<group>"; };
		8F24BC19218EAD0ABBFDFBBD /* Scenarios.swift */ = {isa = PBXFileReference; lastKnownFileType = sourcecode.swift; path = Scenarios.swift; sourceTree = "<group>"; };
		AF461F733DA80D550E55FFB6 /* Bundle+Extension.swift */ = {isa = PBXFileReference; lastKnownFileType = sourcecode.swift; path = "Bundle+Extension.swift"; sourceTree = "<group>"; };
		B3532CBACDB989999D9C7826 /* DemoSection.swift */ = {isa = PBXFileReference; lastKnownFileType = sourcecode.swift; path = DemoSection.swift; sourceTree = "<group>"; };
		B55948F7BE07D4BE912D2E87 /* NeuralNetworkDemo.swift */ = {isa = PBXFileReference; lastKnownFileType = sourcecode.swift; path = NeuralNetworkDemo.swift; sourceTree = "<group>"; };
		BAD37476AFAC684C6491206C /* OnboardingView.swift */ = {isa = PBXFileReference; lastKnownFileType = sourcecode.swift; path = OnboardingView.swift; sourceTree = "<group>"; };
		BE591681F2D8735CAB5EF88B /* StartTab.swift */ = {isa = PBXFileReference; lastKnownFileType = sourcecode.swift; path = StartTab.swift; sourceTree = "<group>"; };
		C0A990910EC738875B5CC85F /* InfoCard.swift */ = {isa = PBXFileReference; lastKnownFileType = sourcecode.swift; path = InfoCard.swift; sourceTree = "<group>"; };
		CC82880905850239B9EC4281 /* BasicsRow.swift */ = {isa = PBXFileReference; lastKnownFileType = sourcecode.swift; path = BasicsRow.swift; sourceTree = "<group>"; };
		D4A4B7986F1DCE579E523009 /* ScenarioTypes.swift */ = {isa = PBXFileReference; lastKnownFileType = sourcecode.swift; path = ScenarioTypes.swift; sourceTree = "<group>"; };
		E694C3EBEB9EEFB1311C49D2 /* StoryBeatView.swift */ = {isa = PBXFileReference; lastKnownFileType = sourcecode.swift; path = StoryBeatView.swift; sourceTree = "<group>"; };
		F197E0CE3BAC761E97A38F64 /* ArchitectureListView.swift */ = {isa = PBXFileReference; lastKnownFileType = sourcecode.swift; path = ArchitectureListView.swift; sourceTree = "<group>"; };
		F46FE9784BDA8BA079B3D457 /* IntelligenceUnavailableView.swift */ = {isa = PBXFileReference; lastKnownFileType = sourcecode.swift; path = IntelligenceUnavailableView.swift; sourceTree = "<group>"; };
		F4B5288DA442394856264873 /* ScenariosStoryScaffold.swift */ = {isa = PBXFileReference; lastKnownFileType = sourcecode.swift; path = ScenariosStoryScaffold.swift; sourceTree = "<group>"; };
		FB09B4096FC67835F40D188D /* PredictionDemo.swift */ = {isa = PBXFileReference; lastKnownFileType = sourcecode.swift; path = PredictionDemo.swift; sourceTree = "<group>"; };
		FBE35604B3F40B128B08DF24 /* EverydayStoryView.swift */ = {isa = PBXFileReference; lastKnownFileType = sourcecode.swift; path = EverydayStoryView.swift; sourceTree = "<group>"; };
/* End PBXFileReference section */

/* Begin PBXGroup section */
		102D3EB1E3A6EDB040B6295F /* Stories */ = {
			isa = PBXGroup;
			children = (
				FBE35604B3F40B128B08DF24 /* EverydayStoryView.swift */,
				82F9D60CA8A422B555328358 /* HomeworkStoryView.swift */,
				F4B5288DA442394856264873 /* ScenariosStoryScaffold.swift */,
				E694C3EBEB9EEFB1311C49D2 /* StoryBeatView.swift */,
				471FE1656353ECF122F87D54 /* StoryWrapUpView.swift */,
				50A353E74D8027905E21D302 /* WritingStoryView.swift */,
			);
			path = Stories;
			sourceTree = "<group>";
		};
		142435D9A43EE9AE281BDA63 = {
			isa = PBXGroup;
			children = (
				9485DFF1107F56CC7AD7D8DE /* Claritas */,
				3389B261C0BEBF1EBF9D96AC /* Products */,
			);
			sourceTree = "<group>";
		};
		277FF04C52F3C312C71618EB /* Basics */ = {
			isa = PBXGroup;
			children = (
				03607E037AF0289EC603255B /* Basics.swift */,
				615CEE6C956EE2317B8C5695 /* BasicsDetailView.swift */,
				CC82880905850239B9EC4281 /* BasicsRow.swift */,
				15E0D9D981D49E801ADD767D /* BasicsTypes.swift */,
				2A199F26909BC72799580AA6 /* Destinations */,
			);
			path = Basics;
			sourceTree = "<group>";
		};
		2A199F26909BC72799580AA6 /* Destinations */ = {
			isa = PBXGroup;
			children = (
				47309627BC2218D1F81102E0 /* AILimitationsView.swift */,
				870FF9F972DA06C885D46DFA /* AIMythsView.swift */,
				62D94761E75769988B8E2B21 /* AITypesView.swift */,
				4C4CE51F36C76FB40CB80981 /* AIVendingMachineView.swift */,
				885B0178BF528E01FE3E153E /* BasicsDangersView.swift */,
				68DC75FC5B2D7F9B41D85D88 /* BasicsPromptEngineeringView.swift */,
				48488C267ECA7DB2FD3EC2BC /* BasicsTopicScaffold.swift */,
				24C0FDD26463D3B501CB4762 /* WhatIsAIView.swift */,
			);
			path = Destinations;
			sourceTree = "<group>";
		};
		3389B261C0BEBF1EBF9D96AC /* Products */ = {
			isa = PBXGroup;
			children = (
				11DF7FB07C393BE69EAA687A /* Claritas.app */,
			);
			name = Products;
			sourceTree = "<group>";
		};
		4EFDE5E0BAC661172C7E8A80 /* Architecture */ = {
			isa = PBXGroup;
			children = (
				F197E0CE3BAC761E97A38F64 /* ArchitectureListView.swift */,
				753D33F2BCF55D69C0BC43F0 /* Chapters */,
				97AEB1CAD4712A3B9403DEAF /* Components */,
			);
			path = Architecture;
			sourceTree = "<group>";
		};
		5179C24FC314808F0B681E4F /* Shared */ = {
			isa = PBXGroup;
			children = (
				375FB72F5669982F63A81607 /* ChatBubbles.swift */,
			);
			path = Shared;
			sourceTree = "<group>";
		};
		5EBF459BEF4948D7DA9A6D79 /* Scenarios */ = {
			isa = PBXGroup;
			children = (
				8F24BC19218EAD0ABBFDFBBD /* Scenarios.swift */,
				D4A4B7986F1DCE579E523009 /* ScenarioTypes.swift */,
				102D3EB1E3A6EDB040B6295F /* Stories */,
			);
			path = Scenarios;
			sourceTree = "<group>";
		};
		753D33F2BCF55D69C0BC43F0 /* Chapters */ = {
			isa = PBXGroup;
			children = (
				0E83FEBD8CE1B03254DFC9BB /* CompositionDemo.swift */,
				712EC9F77B7B881F2DF1F377 /* ContextWindowDemo.swift */,
				B55948F7BE07D4BE912D2E87 /* NeuralNetworkDemo.swift */,
				FB09B4096FC67835F40D188D /* PredictionDemo.swift */,
				2FC47D60ADA8824E8B1B8446 /* TokenizationDemo.swift */,
			);
			path = Chapters;
			sourceTree = "<group>";
		};
		766CB89A53295E3F61FAC1FB /* Foundation Manager */ = {
			isa = PBXGroup;
			children = (
				69ECE8200B2C6C78FD45B39E /* FoundationManager.swift */,
				F46FE9784BDA8BA079B3D457 /* IntelligenceUnavailableView.swift */,
				08F41922EFB3D0B1C549DC4D /* NavManager.swift */,
			);
			path = "Foundation Manager";
			sourceTree = "<group>";
		};
		856C12125A5DE9F174B3FAC6 /* Support */ = {
			isa = PBXGroup;
			children = (
				1AD0D6C7E5AC5BE782A14A8B /* AdditionalInfo.plist */,
			);
			path = Support;
			sourceTree = "<group>";
		};
		9485DFF1107F56CC7AD7D8DE /* Claritas */ = {
			isa = PBXGroup;
			children = (
				13D7516C734D833BAB55C1B5 /* AppRootView.swift */,
				7D91D94E80758C1BB0555B82 /* Assets.xcassets */,
				AF461F733DA80D550E55FFB6 /* Bundle+Extension.swift */,
				374E35E831A45C0B26F23470 /* ClaritasApp.swift */,
				766CB89A53295E3F61FAC1FB /* Foundation Manager */,
				5179C24FC314808F0B681E4F /* Shared */,
				856C12125A5DE9F174B3FAC6 /* Support */,
				C8745219ADD4D4BDE7078D1E /* TabViews */,
			);
			path = Claritas;
			sourceTree = "<group>";
		};
		97AEB1CAD4712A3B9403DEAF /* Components */ = {
			isa = PBXGroup;
			children = (
				B3532CBACDB989999D9C7826 /* DemoSection.swift */,
				C0A990910EC738875B5CC85F /* InfoCard.swift */,
			);
			path = Components;
			sourceTree = "<group>";
		};
		C8745219ADD4D4BDE7078D1E /* TabViews */ = {
			isa = PBXGroup;
			children = (
				BAD37476AFAC684C6491206C /* OnboardingView.swift */,
				44CFB695AB28EBBEBDB345FC /* SettingsView.swift */,
				BE591681F2D8735CAB5EF88B /* StartTab.swift */,
				4EFDE5E0BAC661172C7E8A80 /* Architecture */,
				277FF04C52F3C312C71618EB /* Basics */,
				5EBF459BEF4948D7DA9A6D79 /* Scenarios */,
			);
			path = TabViews;
			sourceTree = "<group>";
		};
/* End PBXGroup section */

/* Begin PBXNativeTarget section */
		134EF04BE38C41608FDDF34C /* Claritas */ = {
			isa = PBXNativeTarget;
			buildConfigurationList = C0A314D500823FDC3C16A206 /* Build configuration list for PBXNativeTarget "Claritas" */;
			buildPhases = (
				13304915F308CA50722F96DA /* Sources */,
				7875744973C7C5E6592E0856 /* Resources */,
			);
			buildRules = (
			);
			dependencies = (
			);
			name = Claritas;
			packageProductDependencies = (
			);
			productName = Claritas;
			productReference = 11DF7FB07C393BE69EAA687A /* Claritas.app */;
			productType = "com.apple.product-type.application";
		};
/* End PBXNativeTarget section */

/* Begin PBXProject section */
		B7F6917A71FCA9918D8EDFAC /* Project object */ = {
			isa = PBXProject;
			attributes = {
				BuildIndependentTargetsInParallel = YES;
				LastUpgradeCheck = 1430;
				TargetAttributes = {
					134EF04BE38C41608FDDF34C = {
						DevelopmentTeam = Z3GU26J2H4;
					};
				};
			};
			buildConfigurationList = 617495DEAEEC72E16772648E /* Build configuration list for PBXProject "Claritas" */;
			developmentRegion = en;
			hasScannedForEncodings = 0;
			knownRegions = (
				Base,
				en,
			);
			mainGroup = 142435D9A43EE9AE281BDA63;
			minimizedProjectReferenceProxies = 1;
			preferredProjectObjectVersion = 77;
			productRefGroup = 3389B261C0BEBF1EBF9D96AC /* Products */;
			projectDirPath = "";
			projectRoot = "";
			targets = (
				134EF04BE38C41608FDDF34C /* Claritas */,
			);
		};
/* End PBXProject section */

/* Begin PBXResourcesBuildPhase section */
		7875744973C7C5E6592E0856 /* Resources */ = {
			isa = PBXResourcesBuildPhase;
			buildActionMask = 2147483647;
			files = (
				0F2560555CB1C2F57AC42244 /* Assets.xcassets in Resources */,
			);
			runOnlyForDeploymentPostprocessing = 0;
		};
/* End PBXResourcesBuildPhase section */

/* Begin PBXSourcesBuildPhase section */
		13304915F308CA50722F96DA /* Sources */ = {
			isa = PBXSourcesBuildPhase;
			buildActionMask = 2147483647;
			files = (
				4B94FB2D39B185ED98E3400C /* AILimitationsView.swift in Sources */,
				F52AF849235C9F19B8158E45 /* AIMythsView.swift in Sources */,
				5A10C1620B65EC7F0577F09B /* AITypesView.swift in Sources */,
				00422348E884E4EC4C224B77 /* AIVendingMachineView.swift in Sources */,
				10BC6C4656EFDF1DF3A59470 /* AppRootView.swift in Sources */,
				DD41D930BC9F01D6889B299B /* ArchitectureListView.swift in Sources */,
				893849B4823F7D3211271209 /* Basics.swift in Sources */,
				05DC29300B6C294FA498B55F /* BasicsDangersView.swift in Sources */,
				914053842817F2EA5CE23FC8 /* BasicsDetailView.swift in Sources */,
				3021DA8627BF79680AC44FAA /* BasicsPromptEngineeringView.swift in Sources */,
				B5E3C2581C89DDB597AD42E1 /* BasicsRow.swift in Sources */,
				40589162CC88737716CDB3F6 /* BasicsTopicScaffold.swift in Sources */,
				8C51C38A97D5EA96ECC17EC1 /* BasicsTypes.swift in Sources */,
				EFC1D550A07168509F8FAACD /* Bundle+Extension.swift in Sources */,
				11BBB5E1F4F6AB96CCF4F77B /* ChatBubbles.swift in Sources */,
				94712FD0EF634A166BBB35EB /* ClaritasApp.swift in Sources */,
				C446A196B0A599CEF0E0E928 /* CompositionDemo.swift in Sources */,
				9B961E7B618CE691275BE6F7 /* ContextWindowDemo.swift in Sources */,
				9D9EBFECB41EE07CCFD48D92 /* DemoSection.swift in Sources */,
				6DBE65AB4E8FAFAAFCD6AE27 /* EverydayStoryView.swift in Sources */,
				0A95A5C10CCDD09655C9D9B3 /* FoundationManager.swift in Sources */,
				9E3DDAC4722E3894201018C4 /* HomeworkStoryView.swift in Sources */,
				34FD1AD3ED46974BDED22A82 /* InfoCard.swift in Sources */,
				E4E7E395E74B3DAE4D7C57E4 /* IntelligenceUnavailableView.swift in Sources */,
				F337C19BF50FB11045E50B49 /* NavManager.swift in Sources */,
				B40E720149D42B340C314139 /* NeuralNetworkDemo.swift in Sources */,
				6586490367A554F2F695BDA9 /* OnboardingView.swift in Sources */,
				8ECBB499C282E2D419AA204B /* PredictionDemo.swift in Sources */,
				7FB60B4D1B76B1ACE969415A /* ScenarioTypes.swift in Sources */,
				94E3B4BECBF2F278C719B082 /* Scenarios.swift in Sources */,
				11E1A99DD54802D6AFF9A92D /* ScenariosStoryScaffold.swift in Sources */,
				648DC1D80AB6797954045C81 /* SettingsView.swift in Sources */,
				BDDC937A699F3D6ED50D6C2E /* StartTab.swift in Sources */,
				B40E0BBA4B163896BC198C78 /* StoryBeatView.swift in Sources */,
				B04679D20F79DE33C14359B5 /* StoryWrapUpView.swift in Sources */,
				B7E9B0CA167348D0D7C09EA6 /* TokenizationDemo.swift in Sources */,
				60899DA4C9315312F6A6DF27 /* WhatIsAIView.swift in Sources */,
				B627F5AA97EB0DE213BB3126 /* WritingStoryView.swift in Sources */,
			);
			runOnlyForDeploymentPostprocessing = 0;
		};
/* End PBXSourcesBuildPhase section */

/* Begin XCBuildConfiguration section */
		4C4BCEC80A4196AD1AA3B53C /* Release */ = {
			isa = XCBuildConfiguration;
			buildSettings = {
				ASSETCATALOG_COMPILER_APPICON_NAME = AppIcon;
				CODE_SIGN_IDENTITY = "iPhone Developer";
				CURRENT_PROJECT_VERSION = 1;
				INFOPLIST_FILE = Claritas/Support/AdditionalInfo.plist;
				LD_RUNPATH_SEARCH_PATHS = (
					"$(inherited)",
					"@executable_path/Frameworks",
				);
				MARKETING_VERSION = 1.0;
				PRODUCT_BUNDLE_IDENTIFIER = com.claritas.app;
				SDKROOT = iphoneos;
				SWIFT_EMIT_LOC_STRINGS = YES;
				TARGETED_DEVICE_FAMILY = "1,2";
			};
			name = Release;
		};
		6D83048500A7B5A51F6D2A2A /* Debug */ = {
			isa = XCBuildConfiguration;
			buildSettings = {
				ALWAYS_SEARCH_USER_PATHS = NO;
				CLANG_ANALYZER_NONNULL = YES;
				CLANG_ANALYZER_NUMBER_OBJECT_CONVERSION = YES_AGGRESSIVE;
				CLANG_CXX_LANGUAGE_STANDARD = "gnu++14";
				CLANG_CXX_LIBRARY = "libc++";
				CLANG_ENABLE_MODULES = YES;
				CLANG_ENABLE_OBJC_ARC = YES;
				CLANG_ENABLE_OBJC_WEAK = YES;
				CLANG_WARN_BLOCK_CAPTURE_AUTORELEASING = YES;
				CLANG_WARN_BOOL_CONVERSION = YES;
				CLANG_WARN_COMMA = YES;
				CLANG_WARN_CONSTANT_CONVERSION = YES;
				CLANG_WARN_DEPRECATED_OBJC_IMPLEMENTATIONS = YES;
				CLANG_WARN_DIRECT_OBJC_ISA_USAGE = YES_ERROR;
				CLANG_WARN_DOCUMENTATION_COMMENTS = YES;
				CLANG_WARN_EMPTY_BODY = YES;
				CLANG_WARN_ENUM_CONVERSION = YES;
				CLANG_WARN_INFINITE_RECURSION = YES;
				CLANG_WARN_INT_CONVERSION = YES;
				CLANG_WARN_NON_LITERAL_NULL_CONVERSION = YES;
				CLANG_WARN_OBJC_IMPLICIT_RETAIN_SELF = YES;
				CLANG_WARN_OBJC_LITERAL_CONVERSION = YES;
				CLANG_WARN_OBJC_ROOT_CLASS = YES_ERROR;
				CLANG_WARN_QUOTED_INCLUDE_IN_FRAMEWORK_HEADER = YES;
				CLANG_WARN_RANGE_LOOP_ANALYSIS = YES;
				CLANG_WARN_STRICT_PROTOTYPES = YES;
				CLANG_WARN_SUSPICIOUS_MOVE = YES;
				CLANG_WARN_UNGUARDED_AVAILABILITY = YES_AGGRESSIVE;
				CLANG_WARN_UNREACHABLE_CODE = YES;
				CLANG_WARN__DUPLICATE_METHOD_MATCH = YES;
				COPY_PHASE_STRIP = NO;
				DEBUG_INFORMATION_FORMAT = dwarf;
				DEVELOPMENT_TEAM = Z3GU26J2H4;
				ENABLE_STRICT_OBJC_MSGSEND = YES;
				ENABLE_TESTABILITY = YES;
				GCC_C_LANGUAGE_STANDARD = gnu11;
				GCC_DYNAMIC_NO_PIC = NO;
				GCC_NO_COMMON_BLOCKS = YES;
				GCC_OPTIMIZATION_LEVEL = 0;
				GCC_PREPROCESSOR_DEFINITIONS = (
					"$(inherited)",
					"DEBUG=1",
				);
				GCC_WARN_64_TO_32_BIT_CONVERSION = YES;
				GCC_WARN_ABOUT_RETURN_TYPE = YES_ERROR;
				GCC_WARN_UNDECLARED_SELECTOR = YES;
				GCC_WARN_UNINITIALIZED_AUTOS = YES_AGGRESSIVE;
				GCC_WARN_UNUSED_FUNCTION = YES;
				GCC_WARN_UNUSED_VARIABLE = YES;
				IPHONEOS_DEPLOYMENT_TARGET = 26.0;
				MTL_ENABLE_DEBUG_INFO = INCLUDE_SOURCE;
				MTL_FAST_MATH = YES;
				ONLY_ACTIVE_ARCH = YES;
				PRODUCT_NAME = "$(TARGET_NAME)";
				SDKROOT = iphoneos;
				SWIFT_ACTIVE_COMPILATION_CONDITIONS = DEBUG;
				SWIFT_OPTIMIZATION_LEVEL = "-Onone";
				SWIFT_VERSION = 6.0;
			};
			name = Debug;
		};
		8A6835E4454F61D129895848 /* Debug */ = {
			isa = XCBuildConfiguration;
			buildSettings = {
				ASSETCATALOG_COMPILER_APPICON_NAME = AppIcon;
				CODE_SIGN_IDENTITY = "iPhone Developer";
				CURRENT_PROJECT_VERSION = 1;
				INFOPLIST_FILE = Claritas/Support/AdditionalInfo.plist;
				LD_RUNPATH_SEARCH_PATHS = (
					"$(inherited)",
					"@executable_path/Frameworks",
				);
				MARKETING_VERSION = 1.0;
				PRODUCT_BUNDLE_IDENTIFIER = com.claritas.app;
				SDKROOT = iphoneos;
				SWIFT_EMIT_LOC_STRINGS = YES;
				TARGETED_DEVICE_FAMILY = "1,2";
			};
			name = Debug;
		};
		F32F0156B75D9311DFE27182 /* Release */ = {
			isa = XCBuildConfiguration;
			buildSettings = {
				ALWAYS_SEARCH_USER_PATHS = NO;
				CLANG_ANALYZER_NONNULL = YES;
				CLANG_ANALYZER_NUMBER_OBJECT_CONVERSION = YES_AGGRESSIVE;
				CLANG_CXX_LANGUAGE_STANDARD = "gnu++14";
				CLANG_CXX_LIBRARY = "libc++";
				CLANG_ENABLE_MODULES = YES;
				CLANG_ENABLE_OBJC_ARC = YES;
				CLANG_ENABLE_OBJC_WEAK = YES;
				CLANG_WARN_BLOCK_CAPTURE_AUTORELEASING = YES;
				CLANG_WARN_BOOL_CONVERSION = YES;
				CLANG_WARN_COMMA = YES;
				CLANG_WARN_CONSTANT_CONVERSION = YES;
				CLANG_WARN_DEPRECATED_OBJC_IMPLEMENTATIONS = YES;
				CLANG_WARN_DIRECT_OBJC_ISA_USAGE = YES_ERROR;
				CLANG_WARN_DOCUMENTATION_COMMENTS = YES;
				CLANG_WARN_EMPTY_BODY = YES;
				CLANG_WARN_ENUM_CONVERSION = YES;
				CLANG_WARN_INFINITE_RECURSION = YES;
				CLANG_WARN_INT_CONVERSION = YES;
				CLANG_WARN_NON_LITERAL_NULL_CONVERSION = YES;
				CLANG_WARN_OBJC_IMPLICIT_RETAIN_SELF = YES;
				CLANG_WARN_OBJC_LITERAL_CONVERSION = YES;
				CLANG_WARN_OBJC_ROOT_CLASS = YES_ERROR;
				CLANG_WARN_QUOTED_INCLUDE_IN_FRAMEWORK_HEADER = YES;
				CLANG_WARN_RANGE_LOOP_ANALYSIS = YES;
				CLANG_WARN_STRICT_PROTOTYPES = YES;
				CLANG_WARN_SUSPICIOUS_MOVE = YES;
				CLANG_WARN_UNGUARDED_AVAILABILITY = YES_AGGRESSIVE;
				CLANG_WARN_UNREACHABLE_CODE = YES;
				CLANG_WARN__DUPLICATE_METHOD_MATCH = YES;
				COPY_PHASE_STRIP = NO;
				DEBUG_INFORMATION_FORMAT = "dwarf-with-dsym";
				DEVELOPMENT_TEAM = Z3GU26J2H4;
				ENABLE_NS_ASSERTIONS = NO;
				ENABLE_STRICT_OBJC_MSGSEND = YES;
				GCC_C_LANGUAGE_STANDARD = gnu11;
				GCC_NO_COMMON_BLOCKS = YES;
				GCC_WARN_64_TO_32_BIT_CONVERSION = YES;
				GCC_WARN_ABOUT_RETURN_TYPE = YES_ERROR;
				GCC_WARN_UNDECLARED_SELECTOR = YES;
				GCC_WARN_UNINITIALIZED_AUTOS = YES_AGGRESSIVE;
				GCC_WARN_UNUSED_FUNCTION = YES;
				GCC_WARN_UNUSED_VARIABLE = YES;
				IPHONEOS_DEPLOYMENT_TARGET = 26.0;
				MTL_ENABLE_DEBUG_INFO = NO;
				MTL_FAST_MATH = YES;
				PRODUCT_NAME = "$(TARGET_NAME)";
				SDKROOT = iphoneos;
				SWIFT_COMPILATION_MODE = wholemodule;
				SWIFT_OPTIMIZATION_LEVEL = "-O";
				SWIFT_VERSION = 6.0;
			};
			name = Release;
		};
/* End XCBuildConfiguration section */

/* Begin XCConfigurationList section */
		617495DEAEEC72E16772648E /* Build configuration list for PBXProject "Claritas" */ = {
			isa = XCConfigurationList;
			buildConfigurations = (
				6D83048500A7B5A51F6D2A2A /* Debug */,
				F32F0156B75D9311DFE27182 /* Release */,
			);
			defaultConfigurationIsVisible = 0;
			defaultConfigurationName = Debug;
		};
		C0A314D500823FDC3C16A206 /* Build configuration list for PBXNativeTarget "Claritas" */ = {
			isa = XCConfigurationList;
			buildConfigurations = (
				8A6835E4454F61D129895848 /* Debug */,
				4C4BCEC80A4196AD1AA3B53C /* Release */,
			);
			defaultConfigurationIsVisible = 0;
			defaultConfigurationName = Debug;
		};
/* End XCConfigurationList section */
	};
	rootObject = B7F6917A71FCA9918D8EDFAC /* Project object */;
}
