// !$*UTF8*$!
{
	archiveVersion = 1;
	classes = {
	};
	objectVersion = 77;
	objects = {

/* Begin PBXBuildFile section */
		027C898D199D3AFFC7922483 /* Assets.xcassets in Resources */ = {isa = PBXBuildFile; fileRef = 53244174CD4236ACE7C8860E /* Assets.xcassets */; };
		1801C4C1B0B32F38E65C282B /* NeuralNetworkDemo.swift in Sources */ = {isa = PBXBuildFile; fileRef = 5B9B9E660C04E9F8C699DE28 /* NeuralNetworkDemo.swift */; };
		1EB8EEF16061C40EC30F6A93 /* OnboardingView.swift in Sources */ = {isa = PBXBuildFile; fileRef = 7F5CE238855AFFD1DED4BE58 /* OnboardingView.swift */; };
		1FFFB26E8BD987C31E039BF9 /* TokenizationDemo.swift in Sources */ = {isa = PBXBuildFile; fileRef = B72FF3B890B5A1A0813F25C1 /* TokenizationDemo.swift */; };
		2086C1EE2CECEA1296900A85 /* BasicsRow.swift in Sources */ = {isa = PBXBuildFile; fileRef = F9F8172320BF385B8DFC187D /* BasicsRow.swift */; };
		2460A429A7539A771CBF478B /* AIMythsView.swift in Sources */ = {isa = PBXBuildFile; fileRef = 5F34A6087E08218575530DE8 /* AIMythsView.swift */; };
		250CEF426564B699878FDDDB /* StoryBeatView.swift in Sources */ = {isa = PBXBuildFile; fileRef = 16FE5887EE096DA63379A0BF /* StoryBeatView.swift */; };
		27ED3B061D8FF7312C360D03 /* ClaritasApp.swift in Sources */ = {isa = PBXBuildFile; fileRef = 720A877C9B0839083124D5BC /* ClaritasApp.swift */; };
		34928927723ABC1A32E9A747 /* ScenarioTypes.swift in Sources */ = {isa = PBXBuildFile; fileRef = 9772B8CD2D1BF1CF01FA16C4 /* ScenarioTypes.swift */; };
		363AF0DD80D0700BEC10CBFA /* ContextWindowDemo.swift in Sources */ = {isa = PBXBuildFile; fileRef = AAED8BBE1A9AFF1C69A1CB20 /* ContextWindowDemo.swift */; };
		3B8B0F67DD6AF83C64ABB391 /* AILimitationsView.swift in Sources */ = {isa = PBXBuildFile; fileRef = 5C38C841AD3D4B62E164163F /* AILimitationsView.swift */; };
		463D0D7F7288AC17D7502FFC /* AITypesView.swift in Sources */ = {isa = PBXBuildFile; fileRef = A422CF00639B6D94F2C4E54B /* AITypesView.swift */; };
		4C8045217ACEF4BC2660283D /* ArchitectureListView.swift in Sources */ = {isa = PBXBuildFile; fileRef = 8511DA76ABBBC7A6303D784D /* ArchitectureListView.swift */; };
		5F68E4465385C82DBF0FB7B2 /* IntelligenceUnavailableView.swift in Sources */ = {isa = PBXBuildFile; fileRef = 0790C5A0E46D3B8757D5452B /* IntelligenceUnavailableView.swift */; };
		6F1435BBE251A2A32B6D2F89 /* EverydayStoryView.swift in Sources */ = {isa = PBXBuildFile; fileRef = 38D32A481830DF601A596966 /* EverydayStoryView.swift */; };
		71B6441BD1D6A8C29239E62E /* FoundationManager.swift in Sources */ = {isa = PBXBuildFile; fileRef = E7AB4E216257E5E954064AA4 /* FoundationManager.swift */; };
		7B0363770049DC1E94842983 /* WritingStoryView.swift in Sources */ = {isa = PBXBuildFile; fileRef = 27B2FF12A61D7636A7B15A17 /* WritingStoryView.swift */; };
		8E8628579C75DAC22489595C /* InfoCard.swift in Sources */ = {isa = PBXBuildFile; fileRef = 773559AEC06899B76D57C6BD /* InfoCard.swift */; };
		91CD2E56D46DAB84FD8A8234 /* Basics.swift in Sources */ = {isa = PBXBuildFile; fileRef = 1CE65C9A0B1005FDCF91BA87 /* Basics.swift */; };
		9697F127C37819F1128EB95F /* CompositionDemo.swift in Sources */ = {isa = PBXBuildFile; fileRef = BD4D8973E5A90005C769255A /* CompositionDemo.swift */; };
		9F4A815A2944FE8EC71BE3AE /* ChatBubbles.swift in Sources */ = {isa = PBXBuildFile; fileRef = 7C48523037D3E19801787824 /* ChatBubbles.swift */; };
		A37FB1C94156F42F5ABC3FA5 /* BasicsDangersView.swift in Sources */ = {isa = PBXBuildFile; fileRef = B63C2E3EAC490FF898AC06F7 /* BasicsDangersView.swift */; };
		AA0744AB1E7E2EC1F602FDAA /* BasicsDetailView.swift in Sources */ = {isa = PBXBuildFile; fileRef = 8D46E5A87DE2D395E766B52B /* BasicsDetailView.swift */; };
		AA6B66E1AE1B4913A67046F4 /* BasicsTypes.swift in Sources */ = {isa = PBXBuildFile; fileRef = 6DA8A702D3E286DF5616309B /* BasicsTypes.swift */; };
		B55FCAF046CCA7B1DA3489C2 /* SettingsView.swift in Sources */ = {isa = PBXBuildFile; fileRef = A765814DF066B04BF4C56BE9 /* SettingsView.swift */; };
		BDA9EC93E3FB88E19B6819EE /* BasicsPromptEngineeringView.swift in Sources */ = {isa = PBXBuildFile; fileRef = 9D64749F69ABFE5D05C887AA /* BasicsPromptEngineeringView.swift */; };
		C53C4F4593598CF2F5B72311 /* ScenariosStoryScaffold.swift in Sources */ = {isa = PBXBuildFile; fileRef = 68B2C3D10C3B8C3E3712AC30 /* ScenariosStoryScaffold.swift */; };
		C84D2E5445AB8E2F8BE32439 /* HomeworkStoryView.swift in Sources */ = {isa = PBXBuildFile; fileRef = 6C3B1D3CCA8768DC607AC8B3 /* HomeworkStoryView.swift */; };
		CC78050C90FB55773F439647 /* AppRootView.swift in Sources */ = {isa = PBXBuildFile; fileRef = 74C9687F6CDC40BC77119F43 /* AppRootView.swift */; };
		CE112370C3A79CBB3E7FC16A /* Bundle+Extension.swift in Sources */ = {isa = PBXBuildFile; fileRef = 9AC514E1E5923CA69567713F /* Bundle+Extension.swift */; };
		CE1EE0BB6A6FDDA66600FC13 /* Scenarios.swift in Sources */ = {isa = PBXBuildFile; fileRef = 783A169B97EB35F371278AE4 /* Scenarios.swift */; };
		D12BBF895AE86D5E71AAEE89 /* PredictionDemo.swift in Sources */ = {isa = PBXBuildFile; fileRef = 907E3AC63B2456D0A05C64F2 /* PredictionDemo.swift */; };
		D7BB8F1CA6E2E74DA0EAFA64 /* AIVendingMachineView.swift in Sources */ = {isa = PBXBuildFile; fileRef = CF53EDBBE7B4D5EA611A5D65 /* AIVendingMachineView.swift */; };
		DC567B8465F4A8612EA1A81D /* WhatIsAIView.swift in Sources */ = {isa = PBXBuildFile; fileRef = 19F3A5E9976F68B915047601 /* WhatIsAIView.swift */; };
		E68185094CC30CD688B9671D /* BasicsTopicScaffold.swift in Sources */ = {isa = PBXBuildFile; fileRef = B30C53F15DFCE265396523F5 /* BasicsTopicScaffold.swift */; };
		EBA26895BDDADF2ADDE5537C /* NavManager.swift in Sources */ = {isa = PBXBuildFile; fileRef = 595D6FCBFD7D261CAD2B3395 /* NavManager.swift */; };
		ECAB9AF8305661961C5D8C07 /* DemoSection.swift in Sources */ = {isa = PBXBuildFile; fileRef = 0F86127CE6A4E5901C01CC82 /* DemoSection.swift */; };
		F85E59A46DEFE30649D3F930 /* StoryWrapUpView.swift in Sources */ = {isa = PBXBuildFile; fileRef = 5229C5E850068F8FC13B2797 /* StoryWrapUpView.swift */; };
		FDE51309153DBD3006B08A47 /* StartTab.swift in Sources */ = {isa = PBXBuildFile; fileRef = 35F5D1077102CFC959DBFB46 /* StartTab.swift */; };
/* End PBXBuildFile section */

/* Begin PBXFileReference section */
		0790C5A0E46D3B8757D5452B /* IntelligenceUnavailableView.swift */ = {isa = PBXFileReference; lastKnownFileType = sourcecode.swift; path = IntelligenceUnavailableView.swift; sourceTree = "<group>"; };
		0F86127CE6A4E5901C01CC82 /* DemoSection.swift */ = {isa = PBXFileReference; lastKnownFileType = sourcecode.swift; path = DemoSection.swift; sourceTree = "<group>"; };
		11DF7FB07C393BE69EAA687A /* Claritas.app */ = {isa = PBXFileReference; includeInIndex = 0; lastKnownFileType = wrapper.application; path = Claritas.app; sourceTree = BUILT_PRODUCTS_DIR; };
		16FE5887EE096DA63379A0BF /* StoryBeatView.swift */ = {isa = PBXFileReference; lastKnownFileType = sourcecode.swift; path = StoryBeatView.swift; sourceTree = "<group>"; };
		19F3A5E9976F68B915047601 /* WhatIsAIView.swift */ = {isa = PBXFileReference; lastKnownFileType = sourcecode.swift; path = WhatIsAIView.swift; sourceTree = "<group>"; };
		1CE65C9A0B1005FDCF91BA87 /* Basics.swift */ = {isa = PBXFileReference; lastKnownFileType = sourcecode.swift; path = Basics.swift; sourceTree = "<group>"; };
		27B2FF12A61D7636A7B15A17 /* WritingStoryView.swift */ = {isa = PBXFileReference; lastKnownFileType = sourcecode.swift; path = WritingStoryView.swift; sourceTree = "<group>"; };
		35F5D1077102CFC959DBFB46 /* StartTab.swift */ = {isa = PBXFileReference; lastKnownFileType = sourcecode.swift; path = StartTab.swift; sourceTree = "<group>"; };
		38D32A481830DF601A596966 /* EverydayStoryView.swift */ = {isa = PBXFileReference; lastKnownFileType = sourcecode.swift; path = EverydayStoryView.swift; sourceTree = "<group>"; };
		5229C5E850068F8FC13B2797 /* StoryWrapUpView.swift */ = {isa = PBXFileReference; lastKnownFileType = sourcecode.swift; path = StoryWrapUpView.swift; sourceTree = "<group>"; };
		53244174CD4236ACE7C8860E /* Assets.xcassets */ = {isa = PBXFileReference; lastKnownFileType = folder.assetcatalog; path = Assets.xcassets; sourceTree = "<group>"; };
		559BFCD9710B2B7DFCD2822B /* AdditionalInfo.plist */ = {isa = PBXFileReference; lastKnownFileType = text.plist; path = AdditionalInfo.plist; sourceTree = "<group>"; };
		595D6FCBFD7D261CAD2B3395 /* NavManager.swift */ = {isa = PBXFileReference; lastKnownFileType = sourcecode.swift; path = NavManager.swift; sourceTree = "<group>"; };
		5B9B9E660C04E9F8C699DE28 /* NeuralNetworkDemo.swift */ = {isa = PBXFileReference; lastKnownFileType = sourcecode.swift; path = NeuralNetworkDemo.swift; sourceTree = "<group>"; };
		5C38C841AD3D4B62E164163F /* AILimitationsView.swift */ = {isa = PBXFileReference; lastKnownFileType = sourcecode.swift; path = AILimitationsView.swift; sourceTree = "<group>"; };
		5F34A6087E08218575530DE8 /* AIMythsView.swift */ = {isa = PBXFileReference; lastKnownFileType = sourcecode.swift; path = AIMythsView.swift; sourceTree = "<group>"; };
		68B2C3D10C3B8C3E3712AC30 /* ScenariosStoryScaffold.swift */ = {isa = PBXFileReference; lastKnownFileType = sourcecode.swift; path = ScenariosStoryScaffold.swift; sourceTree = "<group>"; };
		6C3B1D3CCA8768DC607AC8B3 /* HomeworkStoryView.swift */ = {isa = PBXFileReference; lastKnownFileType = sourcecode.swift; path = HomeworkStoryView.swift; sourceTree = "<group>"; };
		6DA8A702D3E286DF5616309B /* BasicsTypes.swift */ = {isa = PBXFileReference; lastKnownFileType = sourcecode.swift; path = BasicsTypes.swift; sourceTree = "<group>"; };
		720A877C9B0839083124D5BC /* ClaritasApp.swift */ = {isa = PBXFileReference; lastKnownFileType = sourcecode.swift; path = ClaritasApp.swift; sourceTree = "<group>"; };
		74C9687F6CDC40BC77119F43 /* AppRootView.swift */ = {isa = PBXFileReference; lastKnownFileType = sourcecode.swift; path = AppRootView.swift; sourceTree = "<group>"; };
		773559AEC06899B76D57C6BD /* InfoCard.swift */ = {isa = PBXFileReference; lastKnownFileType = sourcecode.swift; path = InfoCard.swift; sourceTree = "<group>"; };
		783A169B97EB35F371278AE4 /* Scenarios.swift */ = {isa = PBXFileReference; lastKnownFileType = sourcecode.swift; path = Scenarios.swift; sourceTree = "<group>"; };
		7C48523037D3E19801787824 /* ChatBubbles.swift */ = {isa = PBXFileReference; lastKnownFileType = sourcecode.swift; path = ChatBubbles.swift; sourceTree = "<group>"; };
		7F5CE238855AFFD1DED4BE58 /* OnboardingView.swift */ = {isa = PBXFileReference; lastKnownFileType = sourcecode.swift; path = OnboardingView.swift; sourceTree = "<group>"; };
		8511DA76ABBBC7A6303D784D /* ArchitectureListView.swift */ = {isa = PBXFileReference; lastKnownFileType = sourcecode.swift; path = ArchitectureListView.swift; sourceTree = "<group>"; };
		8D46E5A87DE2D395E766B52B /* BasicsDetailView.swift */ = {isa = PBXFileReference; lastKnownFileType = sourcecode.swift; path = BasicsDetailView.swift; sourceTree = "<group>"; };
		907E3AC63B2456D0A05C64F2 /* PredictionDemo.swift */ = {isa = PBXFileReference; lastKnownFileType = sourcecode.swift; path = PredictionDemo.swift; sourceTree = "<group>"; };
		9772B8CD2D1BF1CF01FA16C4 /* ScenarioTypes.swift */ = {isa = PBXFileReference; lastKnownFileType = sourcecode.swift; path = ScenarioTypes.swift; sourceTree = "<group>"; };
		9AC514E1E5923CA69567713F /* Bundle+Extension.swift */ = {isa = PBXFileReference; lastKnownFileType = sourcecode.swift; path = "Bundle+Extension.swift"; sourceTree = "<group>"; };
		9D64749F69ABFE5D05C887AA /* BasicsPromptEngineeringView.swift */ = {isa = PBXFileReference; lastKnownFileType = sourcecode.swift; path = BasicsPromptEngineeringView.swift; sourceTree = "<group>"; };
		A422CF00639B6D94F2C4E54B /* AITypesView.swift */ = {isa = PBXFileReference; lastKnownFileType = sourcecode.swift; path = AITypesView.swift; sourceTree = "<group>"; };
		A765814DF066B04BF4C56BE9 /* SettingsView.swift */ = {isa = PBXFileReference; lastKnownFileType = sourcecode.swift; path = SettingsView.swift; sourceTree = "<group>"; };
		AAED8BBE1A9AFF1C69A1CB20 /* ContextWindowDemo.swift */ = {isa = PBXFileReference; lastKnownFileType = sourcecode.swift; path = ContextWindowDemo.swift; sourceTree = "<group>"; };
		B30C53F15DFCE265396523F5 /* BasicsTopicScaffold.swift */ = {isa = PBXFileReference; lastKnownFileType = sourcecode.swift; path = BasicsTopicScaffold.swift; sourceTree = "<group>"; };
		B63C2E3EAC490FF898AC06F7 /* BasicsDangersView.swift */ = {isa = PBXFileReference; lastKnownFileType = sourcecode.swift; path = BasicsDangersView.swift; sourceTree = "<group>"; };
		B72FF3B890B5A1A0813F25C1 /* TokenizationDemo.swift */ = {isa = PBXFileReference; lastKnownFileType = sourcecode.swift; path = TokenizationDemo.swift; sourceTree = "<group>"; };
		BD4D8973E5A90005C769255A /* CompositionDemo.swift */ = {isa = PBXFileReference; lastKnownFileType = sourcecode.swift; path = CompositionDemo.swift; sourceTree = "<group>"; };
		CF53EDBBE7B4D5EA611A5D65 /* AIVendingMachineView.swift */ = {isa = PBXFileReference; lastKnownFileType = sourcecode.swift; path = AIVendingMachineView.swift; sourceTree = "<group>"; };
		E7AB4E216257E5E954064AA4 /* FoundationManager.swift */ = {isa = PBXFileReference; lastKnownFileType = sourcecode.swift; path = FoundationManager.swift; sourceTree = "<group>"; };
		F9F8172320BF385B8DFC187D /* BasicsRow.swift */ = {isa = PBXFileReference; lastKnownFileType = sourcecode.swift; path = BasicsRow.swift; sourceTree = "<group>"; };
/* End PBXFileReference section */

/* Begin PBXGroup section */
		063771FB55613B7CBEAB2C29 /* Basics */ = {
			isa = PBXGroup;
			children = (
				1CE65C9A0B1005FDCF91BA87 /* Basics.swift */,
				8D46E5A87DE2D395E766B52B /* BasicsDetailView.swift */,
				F9F8172320BF385B8DFC187D /* BasicsRow.swift */,
				6DA8A702D3E286DF5616309B /* BasicsTypes.swift */,
				55C873295D9E526D5FC6BCAA /* Destinations */,
			);
			path = Basics;
			sourceTree = "<group>";
		};
		1008E5418178193EB69E0731 /* Architecture */ = {
			isa = PBXGroup;
			children = (
				8511DA76ABBBC7A6303D784D /* ArchitectureListView.swift */,
				2EA25306AD8D111423FD02FC /* Chapters */,
				FBD2BE7DE8CD8F7D93D6CBA0 /* Components */,
			);
			path = Architecture;
			sourceTree = "<group>";
		};
		142435D9A43EE9AE281BDA63 = {
			isa = PBXGroup;
			children = (
				A66D5F09F5CF501A1D330AEF /* Claritas.swiftpm */,
				3389B261C0BEBF1EBF9D96AC /* Products */,
			);
			sourceTree = "<group>";
		};
		2EA25306AD8D111423FD02FC /* Chapters */ = {
			isa = PBXGroup;
			children = (
				BD4D8973E5A90005C769255A /* CompositionDemo.swift */,
				AAED8BBE1A9AFF1C69A1CB20 /* ContextWindowDemo.swift */,
				5B9B9E660C04E9F8C699DE28 /* NeuralNetworkDemo.swift */,
				907E3AC63B2456D0A05C64F2 /* PredictionDemo.swift */,
				B72FF3B890B5A1A0813F25C1 /* TokenizationDemo.swift */,
			);
			path = Chapters;
			sourceTree = "<group>";
		};
		3389B261C0BEBF1EBF9D96AC /* Products */ = {
			isa = PBXGroup;
			children = (
				11DF7FB07C393BE69EAA687A /* Claritas.app */,
			);
			name = Products;
			sourceTree = "<group>";
		};
		3914935E9A16ED58720AFFA6 /* Scenarios */ = {
			isa = PBXGroup;
			children = (
				783A169B97EB35F371278AE4 /* Scenarios.swift */,
				9772B8CD2D1BF1CF01FA16C4 /* ScenarioTypes.swift */,
				DF189CC586FCCE4646979BA8 /* Stories */,
			);
			path = Scenarios;
			sourceTree = "<group>";
		};
		3E7726C33659F2A02DDFC2EF /* TabViews */ = {
			isa = PBXGroup;
			children = (
				7F5CE238855AFFD1DED4BE58 /* OnboardingView.swift */,
				A765814DF066B04BF4C56BE9 /* SettingsView.swift */,
				35F5D1077102CFC959DBFB46 /* StartTab.swift */,
				1008E5418178193EB69E0731 /* Architecture */,
				063771FB55613B7CBEAB2C29 /* Basics */,
				3914935E9A16ED58720AFFA6 /* Scenarios */,
			);
			path = TabViews;
			sourceTree = "<group>";
		};
		481F56FF81592271DF45E408 /* Shared */ = {
			isa = PBXGroup;
			children = (
				7C48523037D3E19801787824 /* ChatBubbles.swift */,
			);
			path = Shared;
			sourceTree = "<group>";
		};
		508DA6B2E5AB0E1ACBC3F3F2 /* Support */ = {
			isa = PBXGroup;
			children = (
				559BFCD9710B2B7DFCD2822B /* AdditionalInfo.plist */,
			);
			path = Support;
			sourceTree = "<group>";
		};
		55C873295D9E526D5FC6BCAA /* Destinations */ = {
			isa = PBXGroup;
			children = (
				5C38C841AD3D4B62E164163F /* AILimitationsView.swift */,
				5F34A6087E08218575530DE8 /* AIMythsView.swift */,
				A422CF00639B6D94F2C4E54B /* AITypesView.swift */,
				CF53EDBBE7B4D5EA611A5D65 /* AIVendingMachineView.swift */,
				B63C2E3EAC490FF898AC06F7 /* BasicsDangersView.swift */,
				9D64749F69ABFE5D05C887AA /* BasicsPromptEngineeringView.swift */,
				B30C53F15DFCE265396523F5 /* BasicsTopicScaffold.swift */,
				19F3A5E9976F68B915047601 /* WhatIsAIView.swift */,
			);
			path = Destinations;
			sourceTree = "<group>";
		};
		9699EBD02A758F3717584098 /* Foundation Manager */ = {
			isa = PBXGroup;
			children = (
				E7AB4E216257E5E954064AA4 /* FoundationManager.swift */,
				0790C5A0E46D3B8757D5452B /* IntelligenceUnavailableView.swift */,
				595D6FCBFD7D261CAD2B3395 /* NavManager.swift */,
			);
			path = "Foundation Manager";
			sourceTree = "<group>";
		};
		A66D5F09F5CF501A1D330AEF /* Claritas.swiftpm */ = {
			isa = PBXGroup;
			children = (
				FAD20F6487614D1F5DED94F7 /* Sources */,
			);
			path = Claritas.swiftpm;
			sourceTree = "<group>";
		};
		BE6FC8441CA7880886CE6460 /* Claritas */ = {
			isa = PBXGroup;
			children = (
				74C9687F6CDC40BC77119F43 /* AppRootView.swift */,
				53244174CD4236ACE7C8860E /* Assets.xcassets */,
				9AC514E1E5923CA69567713F /* Bundle+Extension.swift */,
				720A877C9B0839083124D5BC /* ClaritasApp.swift */,
				9699EBD02A758F3717584098 /* Foundation Manager */,
				481F56FF81592271DF45E408 /* Shared */,
				508DA6B2E5AB0E1ACBC3F3F2 /* Support */,
				3E7726C33659F2A02DDFC2EF /* TabViews */,
			);
			path = Claritas;
			sourceTree = "<group>";
		};
		DF189CC586FCCE4646979BA8 /* Stories */ = {
			isa = PBXGroup;
			children = (
				38D32A481830DF601A596966 /* EverydayStoryView.swift */,
				6C3B1D3CCA8768DC607AC8B3 /* HomeworkStoryView.swift */,
				68B2C3D10C3B8C3E3712AC30 /* ScenariosStoryScaffold.swift */,
				16FE5887EE096DA63379A0BF /* StoryBeatView.swift */,
				5229C5E850068F8FC13B2797 /* StoryWrapUpView.swift */,
				27B2FF12A61D7636A7B15A17 /* WritingStoryView.swift */,
			);
			path = Stories;
			sourceTree = "<group>";
		};
		FAD20F6487614D1F5DED94F7 /* Sources */ = {
			isa = PBXGroup;
			children = (
				BE6FC8441CA7880886CE6460 /* Claritas */,
			);
			path = Sources;
			sourceTree = "<group>";
		};
		FBD2BE7DE8CD8F7D93D6CBA0 /* Components */ = {
			isa = PBXGroup;
			children = (
				0F86127CE6A4E5901C01CC82 /* DemoSection.swift */,
				773559AEC06899B76D57C6BD /* InfoCard.swift */,
			);
			path = Components;
			sourceTree = "<group>";
		};
/* End PBXGroup section */

/* Begin PBXNativeTarget section */
		134EF04BE38C41608FDDF34C /* Claritas */ = {
			isa = PBXNativeTarget;
			buildConfigurationList = C0A314D500823FDC3C16A206 /* Build configuration list for PBXNativeTarget "Claritas" */;
			buildPhases = (
				13304915F308CA50722F96DA /* Sources */,
				7875744973C7C5E6592E0856 /* Resources */,
			);
			buildRules = (
			);
			dependencies = (
			);
			name = Claritas;
			packageProductDependencies = (
			);
			productName = Claritas;
			productReference = 11DF7FB07C393BE69EAA687A /* Claritas.app */;
			productType = "com.apple.product-type.application";
		};
/* End PBXNativeTarget section */

/* Begin PBXProject section */
		B7F6917A71FCA9918D8EDFAC /* Project object */ = {
			isa = PBXProject;
			attributes = {
				BuildIndependentTargetsInParallel = YES;
				LastUpgradeCheck = 1430;
				TargetAttributes = {
					134EF04BE38C41608FDDF34C = {
						DevelopmentTeam = Z3GU26J2H4;
					};
				};
			};
			buildConfigurationList = 617495DEAEEC72E16772648E /* Build configuration list for PBXProject "Claritas" */;
			developmentRegion = en;
			hasScannedForEncodings = 0;
			knownRegions = (
				Base,
				en,
			);
			mainGroup = 142435D9A43EE9AE281BDA63;
			minimizedProjectReferenceProxies = 1;
			preferredProjectObjectVersion = 77;
			productRefGroup = 3389B261C0BEBF1EBF9D96AC /* Products */;
			projectDirPath = "";
			projectRoot = "";
			targets = (
				134EF04BE38C41608FDDF34C /* Claritas */,
			);
		};
/* End PBXProject section */

/* Begin PBXResourcesBuildPhase section */
		7875744973C7C5E6592E0856 /* Resources */ = {
			isa = PBXResourcesBuildPhase;
			buildActionMask = 2147483647;
			files = (
				027C898D199D3AFFC7922483 /* Assets.xcassets in Resources */,
			);
			runOnlyForDeploymentPostprocessing = 0;
		};
/* End PBXResourcesBuildPhase section */

/* Begin PBXSourcesBuildPhase section */
		13304915F308CA50722F96DA /* Sources */ = {
			isa = PBXSourcesBuildPhase;
			buildActionMask = 2147483647;
			files = (
				3B8B0F67DD6AF83C64ABB391 /* AILimitationsView.swift in Sources */,
				2460A429A7539A771CBF478B /* AIMythsView.swift in Sources */,
				463D0D7F7288AC17D7502FFC /* AITypesView.swift in Sources */,
				D7BB8F1CA6E2E74DA0EAFA64 /* AIVendingMachineView.swift in Sources */,
				CC78050C90FB55773F439647 /* AppRootView.swift in Sources */,
				4C8045217ACEF4BC2660283D /* ArchitectureListView.swift in Sources */,
				91CD2E56D46DAB84FD8A8234 /* Basics.swift in Sources */,
				A37FB1C94156F42F5ABC3FA5 /* BasicsDangersView.swift in Sources */,
				AA0744AB1E7E2EC1F602FDAA /* BasicsDetailView.swift in Sources */,
				BDA9EC93E3FB88E19B6819EE /* BasicsPromptEngineeringView.swift in Sources */,
				2086C1EE2CECEA1296900A85 /* BasicsRow.swift in Sources */,
				E68185094CC30CD688B9671D /* BasicsTopicScaffold.swift in Sources */,
				AA6B66E1AE1B4913A67046F4 /* BasicsTypes.swift in Sources */,
				CE112370C3A79CBB3E7FC16A /* Bundle+Extension.swift in Sources */,
				9F4A815A2944FE8EC71BE3AE /* ChatBubbles.swift in Sources */,
				27ED3B061D8FF7312C360D03 /* ClaritasApp.swift in Sources */,
				9697F127C37819F1128EB95F /* CompositionDemo.swift in Sources */,
				363AF0DD80D0700BEC10CBFA /* ContextWindowDemo.swift in Sources */,
				ECAB9AF8305661961C5D8C07 /* DemoSection.swift in Sources */,
				6F1435BBE251A2A32B6D2F89 /* EverydayStoryView.swift in Sources */,
				71B6441BD1D6A8C29239E62E /* FoundationManager.swift in Sources */,
				C84D2E5445AB8E2F8BE32439 /* HomeworkStoryView.swift in Sources */,
				8E8628579C75DAC22489595C /* InfoCard.swift in Sources */,
				5F68E4465385C82DBF0FB7B2 /* IntelligenceUnavailableView.swift in Sources */,
				EBA26895BDDADF2ADDE5537C /* NavManager.swift in Sources */,
				1801C4C1B0B32F38E65C282B /* NeuralNetworkDemo.swift in Sources */,
				1EB8EEF16061C40EC30F6A93 /* OnboardingView.swift in Sources */,
				D12BBF895AE86D5E71AAEE89 /* PredictionDemo.swift in Sources */,
				34928927723ABC1A32E9A747 /* ScenarioTypes.swift in Sources */,
				CE1EE0BB6A6FDDA66600FC13 /* Scenarios.swift in Sources */,
				C53C4F4593598CF2F5B72311 /* ScenariosStoryScaffold.swift in Sources */,
				B55FCAF046CCA7B1DA3489C2 /* SettingsView.swift in Sources */,
				FDE51309153DBD3006B08A47 /* StartTab.swift in Sources */,
				250CEF426564B699878FDDDB /* StoryBeatView.swift in Sources */,
				F85E59A46DEFE30649D3F930 /* StoryWrapUpView.swift in Sources */,
				1FFFB26E8BD987C31E039BF9 /* TokenizationDemo.swift in Sources */,
				DC567B8465F4A8612EA1A81D /* WhatIsAIView.swift in Sources */,
				7B0363770049DC1E94842983 /* WritingStoryView.swift in Sources */,
			);
			runOnlyForDeploymentPostprocessing = 0;
		};
/* End PBXSourcesBuildPhase section */

/* Begin XCBuildConfiguration section */
		4C4BCEC80A4196AD1AA3B53C /* Release */ = {
			isa = XCBuildConfiguration;
			buildSettings = {
				ASSETCATALOG_COMPILER_APPICON_NAME = AppIcon;
				CODE_SIGN_IDENTITY = "iPhone Developer";
				CURRENT_PROJECT_VERSION = 1;
				INFOPLIST_FILE = Claritas.swiftpm/Sources/Claritas/Support/AdditionalInfo.plist;
				LD_RUNPATH_SEARCH_PATHS = (
					"$(inherited)",
					"@executable_path/Frameworks",
				);
				MARKETING_VERSION = 1.0;
				PRODUCT_BUNDLE_IDENTIFIER = com.claritas.app;
				SDKROOT = iphoneos;
				SWIFT_EMIT_LOC_STRINGS = YES;
				TARGETED_DEVICE_FAMILY = "1,2";
			};
			name = Release;
		};
		6D83048500A7B5A51F6D2A2A /* Debug */ = {
			isa = XCBuildConfiguration;
			buildSettings = {
				ALWAYS_SEARCH_USER_PATHS = NO;
				CLANG_ANALYZER_NONNULL = YES;
				CLANG_ANALYZER_NUMBER_OBJECT_CONVERSION = YES_AGGRESSIVE;
				CLANG_CXX_LANGUAGE_STANDARD = "gnu++14";
				CLANG_CXX_LIBRARY = "libc++";
				CLANG_ENABLE_MODULES = YES;
				CLANG_ENABLE_OBJC_ARC = YES;
				CLANG_ENABLE_OBJC_WEAK = YES;
				CLANG_WARN_BLOCK_CAPTURE_AUTORELEASING = YES;
				CLANG_WARN_BOOL_CONVERSION = YES;
				CLANG_WARN_COMMA = YES;
				CLANG_WARN_CONSTANT_CONVERSION = YES;
				CLANG_WARN_DEPRECATED_OBJC_IMPLEMENTATIONS = YES;
				CLANG_WARN_DIRECT_OBJC_ISA_USAGE = YES_ERROR;
				CLANG_WARN_DOCUMENTATION_COMMENTS = YES;
				CLANG_WARN_EMPTY_BODY = YES;
				CLANG_WARN_ENUM_CONVERSION = YES;
				CLANG_WARN_INFINITE_RECURSION = YES;
				CLANG_WARN_INT_CONVERSION = YES;
				CLANG_WARN_NON_LITERAL_NULL_CONVERSION = YES;
				CLANG_WARN_OBJC_IMPLICIT_RETAIN_SELF = YES;
				CLANG_WARN_OBJC_LITERAL_CONVERSION = YES;
				CLANG_WARN_OBJC_ROOT_CLASS = YES_ERROR;
				CLANG_WARN_QUOTED_INCLUDE_IN_FRAMEWORK_HEADER = YES;
				CLANG_WARN_RANGE_LOOP_ANALYSIS = YES;
				CLANG_WARN_STRICT_PROTOTYPES = YES;
				CLANG_WARN_SUSPICIOUS_MOVE = YES;
				CLANG_WARN_UNGUARDED_AVAILABILITY = YES_AGGRESSIVE;
				CLANG_WARN_UNREACHABLE_CODE = YES;
				CLANG_WARN__DUPLICATE_METHOD_MATCH = YES;
				COPY_PHASE_STRIP = NO;
				DEBUG_INFORMATION_FORMAT = dwarf;
				DEVELOPMENT_TEAM = Z3GU26J2H4;
				ENABLE_STRICT_OBJC_MSGSEND = YES;
				ENABLE_TESTABILITY = YES;
				GCC_C_LANGUAGE_STANDARD = gnu11;
				GCC_DYNAMIC_NO_PIC = NO;
				GCC_NO_COMMON_BLOCKS = YES;
				GCC_OPTIMIZATION_LEVEL = 0;
				GCC_PREPROCESSOR_DEFINITIONS = (
					"$(inherited)",
					"DEBUG=1",
				);
				GCC_WARN_64_TO_32_BIT_CONVERSION = YES;
				GCC_WARN_ABOUT_RETURN_TYPE = YES_ERROR;
				GCC_WARN_UNDECLARED_SELECTOR = YES;
				GCC_WARN_UNINITIALIZED_AUTOS = YES_AGGRESSIVE;
				GCC_WARN_UNUSED_FUNCTION = YES;
				GCC_WARN_UNUSED_VARIABLE = YES;
				IPHONEOS_DEPLOYMENT_TARGET = 26.0;
				MTL_ENABLE_DEBUG_INFO = INCLUDE_SOURCE;
				MTL_FAST_MATH = YES;
				ONLY_ACTIVE_ARCH = YES;
				PRODUCT_NAME = "$(TARGET_NAME)";
				SDKROOT = iphoneos;
				SWIFT_ACTIVE_COMPILATION_CONDITIONS = DEBUG;
				SWIFT_OPTIMIZATION_LEVEL = "-Onone";
				SWIFT_VERSION = 6.0;
			};
			name = Debug;
		};
		8A6835E4454F61D129895848 /* Debug */ = {
			isa = XCBuildConfiguration;
			buildSettings = {
				ASSETCATALOG_COMPILER_APPICON_NAME = AppIcon;
				CODE_SIGN_IDENTITY = "iPhone Developer";
				CURRENT_PROJECT_VERSION = 1;
				INFOPLIST_FILE = Claritas.swiftpm/Sources/Claritas/Support/AdditionalInfo.plist;
				LD_RUNPATH_SEARCH_PATHS = (
					"$(inherited)",
					"@executable_path/Frameworks",
				);
				MARKETING_VERSION = 1.0;
				PRODUCT_BUNDLE_IDENTIFIER = com.claritas.app;
				SDKROOT = iphoneos;
				SWIFT_EMIT_LOC_STRINGS = YES;
				TARGETED_DEVICE_FAMILY = "1,2";
			};
			name = Debug;
		};
		F32F0156B75D9311DFE27182 /* Release */ = {
			isa = XCBuildConfiguration;
			buildSettings = {
				ALWAYS_SEARCH_USER_PATHS = NO;
				CLANG_ANALYZER_NONNULL = YES;
				CLANG_ANALYZER_NUMBER_OBJECT_CONVERSION = YES_AGGRESSIVE;
				CLANG_CXX_LANGUAGE_STANDARD = "gnu++14";
				CLANG_CXX_LIBRARY = "libc++";
				CLANG_ENABLE_MODULES = YES;
				CLANG_ENABLE_OBJC_ARC = YES;
				CLANG_ENABLE_OBJC_WEAK = YES;
				CLANG_WARN_BLOCK_CAPTURE_AUTORELEASING = YES;
				CLANG_WARN_BOOL_CONVERSION = YES;
				CLANG_WARN_COMMA = YES;
				CLANG_WARN_CONSTANT_CONVERSION = YES;
				CLANG_WARN_DEPRECATED_OBJC_IMPLEMENTATIONS = YES;
				CLANG_WARN_DIRECT_OBJC_ISA_USAGE = YES_ERROR;
				CLANG_WARN_DOCUMENTATION_COMMENTS = YES;
				CLANG_WARN_EMPTY_BODY = YES;
				CLANG_WARN_ENUM_CONVERSION = YES;
				CLANG_WARN_INFINITE_RECURSION = YES;
				CLANG_WARN_INT_CONVERSION = YES;
				CLANG_WARN_NON_LITERAL_NULL_CONVERSION = YES;
				CLANG_WARN_OBJC_IMPLICIT_RETAIN_SELF = YES;
				CLANG_WARN_OBJC_LITERAL_CONVERSION = YES;
				CLANG_WARN_OBJC_ROOT_CLASS = YES_ERROR;
				CLANG_WARN_QUOTED_INCLUDE_IN_FRAMEWORK_HEADER = YES;
				CLANG_WARN_RANGE_LOOP_ANALYSIS = YES;
				CLANG_WARN_STRICT_PROTOTYPES = YES;
				CLANG_WARN_SUSPICIOUS_MOVE = YES;
				CLANG_WARN_UNGUARDED_AVAILABILITY = YES_AGGRESSIVE;
				CLANG_WARN_UNREACHABLE_CODE = YES;
				CLANG_WARN__DUPLICATE_METHOD_MATCH = YES;
				COPY_PHASE_STRIP = NO;
				DEBUG_INFORMATION_FORMAT = "dwarf-with-dsym";
				DEVELOPMENT_TEAM = Z3GU26J2H4;
				ENABLE_NS_ASSERTIONS = NO;
				ENABLE_STRICT_OBJC_MSGSEND = YES;
				GCC_C_LANGUAGE_STANDARD = gnu11;
				GCC_NO_COMMON_BLOCKS = YES;
				GCC_WARN_64_TO_32_BIT_CONVERSION = YES;
				GCC_WARN_ABOUT_RETURN_TYPE = YES_ERROR;
				GCC_WARN_UNDECLARED_SELECTOR = YES;
				GCC_WARN_UNINITIALIZED_AUTOS = YES_AGGRESSIVE;
				GCC_WARN_UNUSED_FUNCTION = YES;
				GCC_WARN_UNUSED_VARIABLE = YES;
				IPHONEOS_DEPLOYMENT_TARGET = 26.0;
				MTL_ENABLE_DEBUG_INFO = NO;
				MTL_FAST_MATH = YES;
				PRODUCT_NAME = "$(TARGET_NAME)";
				SDKROOT = iphoneos;
				SWIFT_COMPILATION_MODE = wholemodule;
				SWIFT_OPTIMIZATION_LEVEL = "-O";
				SWIFT_VERSION = 6.0;
			};
			name = Release;
		};
/* End XCBuildConfiguration section */

/* Begin XCConfigurationList section */
		617495DEAEEC72E16772648E /* Build configuration list for PBXProject "Claritas" */ = {
			isa = XCConfigurationList;
			buildConfigurations = (
				6D83048500A7B5A51F6D2A2A /* Debug */,
				F32F0156B75D9311DFE27182 /* Release */,
			);
			defaultConfigurationIsVisible = 0;
			defaultConfigurationName = Debug;
		};
		C0A314D500823FDC3C16A206 /* Build configuration list for PBXNativeTarget "Claritas" */ = {
			isa = XCConfigurationList;
			buildConfigurations = (
				8A6835E4454F61D129895848 /* Debug */,
				4C4BCEC80A4196AD1AA3B53C /* Release */,
			);
			defaultConfigurationIsVisible = 0;
			defaultConfigurationName = Debug;
		};
/* End XCConfigurationList section */
	};
	rootObject = B7F6917A71FCA9918D8EDFAC /* Project object */;
}
